
Microsoft Visual Studio Solution File, Format Version 12.00
# Visual Studio Version 17
VisualStudioVersion = 17.1.32414.318
MinimumVisualStudioVersion = 10.0.40219.1
Project("{8BC9CEB8-8B4A-11D0-8D11-00A0C91BC942}") = "Laba_6.1", "Laba_6.1\Laba_6.1.vcxproj", "{B961518E-30C7-45FD-9645-BEF47A2C3EDA}"
EndProject
Global
	GlobalSection(SolutionConfigurationPlatforms) = preSolution
		Debug|x64 = Debug|x64
		Debug|x86 = Debug|x86
		Release|x64 = Release|x64
		Release|x86 = Release|x86
	EndGlobalSection
	GlobalSection(ProjectConfigurationPlatforms) = postSolution
		{B961518E-30C7-45FD-9645-BEF47A2C3EDA}.Debug|x64.ActiveCfg = Debug|x64
		{B961518E-30C7-45FD-9645-BEF47A2C3EDA}.Debug|x64.Build.0 = Debug|x64
		{B961518E-30C7-45FD-9645-BEF47A2C3EDA}.Debug|x86.ActiveCfg = Debug|Win32
		{B961518E-30C7-45FD-9645-BEF47A2C3EDA}.Debug|x86.Build.0 = Debug|Win32
		{B961518E-30C7-45FD-9645-BEF47A2C3EDA}.Release|x64.ActiveCfg = Release|x64
		{B961518E-30C7-45FD-9645-BEF47A2C3EDA}.Release|x64.Build.0 = Release|x64
		{B961518E-30C7-45FD-9645-BEF47A2C3EDA}.Release|x86.ActiveCfg = Release|Win32
		{B961518E-30C7-45FD-9645-BEF47A2C3EDA}.Release|x86.Build.0 = Release|Win32
	EndGlobalSection
	GlobalSection(SolutionProperties) = preSolution
		HideSolutionNode = FALSE
	EndGlobalSection
	GlobalSection(ExtensibilityGlobals) = postSolution
		SolutionGuid = {A170D902-FEAB-49E4-894F-F10A489C301B}
	EndGlobalSection
EndGlobal
